// !$*UTF8*$!
{
	archiveVersion = 1;
	classes = {
	};
	objectVersion = 46;
	objects = {

/* Begin PBXBuildFile section */
		737E16F31DDB62C400067D64 /* main.m in Sources */ = {isa = PBXBuildFile; fileRef = 738E47EB1DDAEF240054718C /* main.m */; };
		737E16F71DDB62E700067D64 /* Person.m in Sources */ = {isa = PBXBuildFile; fileRef = 738E47F61DDAF0240054718C /* Person.m */; };
		737E16F91DDB632700067D64 /* Person+EmployeeName.m in Sources */ = {isa = PBXBuildFile; fileRef = 738E47F91DDAF0980054718C /* Person+EmployeeName.m */; };
		737E16FA1DDB633200067D64 /* Employee.m in Sources */ = {isa = PBXBuildFile; fileRef = 738E47FD1DDAF7260054718C /* Employee.m */; };
/* End PBXBuildFile section */

/* Begin PBXCopyFilesBuildPhase section */
		738E47E61DDAEF240054718C /* CopyFiles */ = {
			isa = PBXCopyFilesBuildPhase;
			buildActionMask = 2147483647;
			dstPath = /usr/share/man/man1/;
			dstSubfolderSpec = 0;
			files = (
			);
			runOnlyForDeploymentPostprocessing = 1;
		};
/* End PBXCopyFilesBuildPhase section */

/* Begin PBXFileReference section */
		738E47E81DDAEF240054718C /* SNPersonDetails */ = {isa = PBXFileReference; explicitFileType = "compiled.mach-o.executable"; includeInIndex = 0; path = SNPersonDetails; sourceTree = BUILT_PRODUCTS_DIR; };
		738E47EB1DDAEF240054718C /* main.m */ = {isa = PBXFileReference; lastKnownFileType = sourcecode.c.objc; path = main.m; sourceTree = "<group>"; };
		738E47F51DDAF0240054718C /* Person.h */ = {isa = PBXFileReference; fileEncoding = 4; lastKnownFileType = sourcecode.c.h; name = Person.h; path = ../Person.h; sourceTree = "<group>"; };
		738E47F61DDAF0240054718C /* Person.m */ = {isa = PBXFileReference; fileEncoding = 4; lastKnownFileType = sourcecode.c.objc; name = Person.m; path = ../Person.m; sourceTree = "<group>"; };
		738E47F81DDAF0980054718C /* Person+EmployeeName.h */ = {isa = PBXFileReference; fileEncoding = 4; lastKnownFileType = sourcecode.c.h; path = "Person+EmployeeName.h"; sourceTree = "<group>"; };
		738E47F91DDAF0980054718C /* Person+EmployeeName.m */ = {isa = PBXFileReference; fileEncoding = 4; lastKnownFileType = sourcecode.c.objc; path = "Person+EmployeeName.m"; sourceTree = "<group>"; };
		738E47FB1DDAF1620054718C /* SalaryDelegate.h */ = {isa = PBXFileReference; fileEncoding = 4; lastKnownFileType = sourcecode.c.h; path = SalaryDelegate.h; sourceTree = "<group>"; };
		738E47FC1DDAF7260054718C /* Employee.h */ = {isa = PBXFileReference; fileEncoding = 4; lastKnownFileType = sourcecode.c.h; path = Employee.h; sourceTree = "<group>"; };
		738E47FD1DDAF7260054718C /* Employee.m */ = {isa = PBXFileReference; fileEncoding = 4; lastKnownFileType = sourcecode.c.objc; path = Employee.m; sourceTree = "<group>"; };
/* End PBXFileReference section */

/* Begin PBXFrameworksBuildPhase section */
		738E47E51DDAEF240054718C /* Frameworks */ = {
			isa = PBXFrameworksBuildPhase;
			buildActionMask = 2147483647;
			files = (
			);
			runOnlyForDeploymentPostprocessing = 0;
		};
/* End PBXFrameworksBuildPhase section */

/* Begin PBXGroup section */
		738E47DF1DDAEF240054718C = {
			isa = PBXGroup;
			children = (
				738E47EA1DDAEF240054718C /* SNPersonDetails */,
				738E47E91DDAEF240054718C /* Products */,
			);
			sourceTree = "<group>";
		};
		738E47E91DDAEF240054718C /* Products */ = {
			isa = PBXGroup;
			children = (
				738E47E81DDAEF240054718C /* SNPersonDetails */,
			);
			name = Products;
			sourceTree = "<group>";
		};
		738E47EA1DDAEF240054718C /* SNPersonDetails */ = {
			isa = PBXGroup;
			children = (
				738E47EB1DDAEF240054718C /* main.m */,
				738E47F51DDAF0240054718C /* Person.h */,
				738E47F61DDAF0240054718C /* Person.m */,
				738E47F81DDAF0980054718C /* Person+EmployeeName.h */,
				738E47F91DDAF0980054718C /* Person+EmployeeName.m */,
				738E47FB1DDAF1620054718C /* SalaryDelegate.h */,
				738E47FC1DDAF7260054718C /* Employee.h */,
				738E47FD1DDAF7260054718C /* Employee.m */,
			);
			path = SNPersonDetails;
			sourceTree = "<group>";
		};
/* End PBXGroup section */

/* Begin PBXNativeTarget section */
		738E47E71DDAEF240054718C /* SNPersonDetails */ = {
			isa = PBXNativeTarget;
			buildConfigurationList = 738E47EF1DDAEF240054718C /* Build configuration list for PBXNativeTarget "SNPersonDetails" */;
			buildPhases = (
				738E47E41DDAEF240054718C /* Sources */,
				738E47E51DDAEF240054718C /* Frameworks */,
				738E47E61DDAEF240054718C /* CopyFiles */,
			);
			buildRules = (
			);
			dependencies = (
			);
			name = SNPersonDetails;
			productName = SNPersonDetails;
			productReference = 738E47E81DDAEF240054718C /* SNPersonDetails */;
			productType = "com.apple.product-type.tool";
		};
/* End PBXNativeTarget section */

/* Begin PBXProject section */
		738E47E01DDAEF240054718C /* Project object */ = {
			isa = PBXProject;
			attributes = {
				LastUpgradeCheck = 0730;
				ORGANIZATIONNAME = "Shriraj Nimbhorkar";
				TargetAttributes = {
					738E47E71DDAEF240054718C = {
						CreatedOnToolsVersion = 7.3.1;
					};
				};
			};
			buildConfigurationList = 738E47E31DDAEF240054718C /* Build configuration list for PBXProject "SNPersonDetails" */;
			compatibilityVersion = "Xcode 3.2";
			developmentRegion = English;
			hasScannedForEncodings = 0;
			knownRegions = (
				en,
			);
			mainGroup = 738E47DF1DDAEF240054718C;
			productRefGroup = 738E47E91DDAEF240054718C /* Products */;
			projectDirPath = "";
			projectRoot = "";
			targets = (
				738E47E71DDAEF240054718C /* SNPersonDetails */,
			);
		};
/* End PBXProject section */

/* Begin PBXSourcesBuildPhase section */
		738E47E41DDAEF240054718C /* Sources */ = {
			isa = PBXSourcesBuildPhase;
			buildActionMask = 2147483647;
			files = (
				737E16FA1DDB633200067D64 /* Employee.m in Sources */,
				737E16F91DDB632700067D64 /* Person+EmployeeName.m in Sources */,
				737E16F71DDB62E700067D64 /* Person.m in Sources */,
				737E16F31DDB62C400067D64 /* main.m in Sources */,
			);
			runOnlyForDeploymentPostprocessing = 0;
		};
/* End PBXSourcesBuildPhase section */

/* Begin XCBuildConfiguration section */
		738E47ED1DDAEF240054718C /* Debug */ = {
			isa = XCBuildConfiguration;
			buildSettings = {
				ALWAYS_SEARCH_USER_PATHS = NO;
				CLANG_ANALYZER_NONNULL = YES;
				CLANG_CXX_LANGUAGE_STANDARD = "gnu++0x";
				CLANG_CXX_LIBRARY = "libc++";
				CLANG_ENABLE_MODULES = YES;
				CLANG_ENABLE_OBJC_ARC = YES;
				CLANG_WARN_BOOL_CONVERSION = YES;
				CLANG_WARN_CONSTANT_CONVERSION = YES;
				CLANG_WARN_DIRECT_OBJC_ISA_USAGE = YES_ERROR;
				CLANG_WARN_EMPTY_BODY = YES;
				CLANG_WARN_ENUM_CONVERSION = YES;
				CLANG_WARN_INT_CONVERSION = YES;
				CLANG_WARN_OBJC_ROOT_CLASS = YES_ERROR;
				CLANG_WARN_UNREACHABLE_CODE = YES;
				CLANG_WARN__DUPLICATE_METHOD_MATCH = YES;
				CODE_SIGN_IDENTITY = "-";
				COPY_PHASE_STRIP = NO;
				DEBUG_INFORMATION_FORMAT = dwarf;
				ENABLE_STRICT_OBJC_MSGSEND = YES;
				ENABLE_TESTABILITY = YES;
				GCC_C_LANGUAGE_STANDARD = gnu99;
				GCC_DYNAMIC_NO_PIC = NO;
				GCC_NO_COMMON_BLOCKS = YES;
				GCC_OPTIMIZATION_LEVEL = 0;
				GCC_PREPROCESSOR_DEFINITIONS = (
					"DEBUG=1",
					"$(inherited)",
				);
				GCC_WARN_64_TO_32_BIT_CONVERSION = YES;
				GCC_WARN_ABOUT_RETURN_TYPE = YES_ERROR;
				GCC_WARN_UNDECLARED_SELECTOR = YES;
				GCC_WARN_UNINITIALIZED_AUTOS = YES_AGGRESSIVE;
				GCC_WARN_UNUSED_FUNCTION = YES;
				GCC_WARN_UNUSED_VARIABLE = YES;
				MACOSX_DEPLOYMENT_TARGET = 10.11;
				MTL_ENABLE_DEBUG_INFO = YES;
				ONLY_ACTIVE_ARCH = YES;
				SDKROOT = macosx;
			};
			name = Debug;
		};
		738E47EE1DDAEF240054718C /* Release */ = {
			isa = XCBuildConfiguration;
			buildSettings = {
				ALWAYS_SEARCH_USER_PATHS = NO;
				CLANG_ANALYZER_NONNULL = YES;
				CLANG_CXX_LANGUAGE_STANDARD = "gnu++0x";
				CLANG_CXX_LIBRARY = "libc++";
				CLANG_ENABLE_MODULES = YES;
				CLANG_ENABLE_OBJC_ARC = YES;
				CLANG_WARN_BOOL_CONVERSION = YES;
				CLANG_WARN_CONSTANT_CONVERSION = YES;
				CLANG_WARN_DIRECT_OBJC_ISA_USAGE = YES_ERROR;
				CLANG_WARN_EMPTY_BODY = YES;
				CLANG_WARN_ENUM_CONVERSION = YES;
				CLANG_WARN_INT_CONVERSION = YES;
				CLANG_WARN_OBJC_ROOT_CLASS = YES_ERROR;
				CLANG_WARN_UNREACHABLE_CODE = YES;
				CLANG_WARN__DUPLICATE_METHOD_MATCH = YES;
				CODE_SIGN_IDENTITY = "-";
				COPY_PHASE_STRIP = NO;
				DEBUG_INFORMATION_FORMAT = "dwarf-with-dsym";
				ENABLE_NS_ASSERTIONS = NO;
				ENABLE_STRICT_OBJC_MSGSEND = YES;
				GCC_C_LANGUAGE_STANDARD = gnu99;
				GCC_NO_COMMON_BLOCKS = YES;
				GCC_WARN_64_TO_32_BIT_CONVERSION = YES;
				GCC_WARN_ABOUT_RETURN_TYPE = YES_ERROR;
				GCC_WARN_UNDECLARED_SELECTOR = YES;
				GCC_WARN_UNINITIALIZED_AUTOS = YES_AGGRESSIVE;
				GCC_WARN_UNUSED_FUNCTION = YES;
				GCC_WARN_UNUSED_VARIABLE = YES;
				MACOSX_DEPLOYMENT_TARGET = 10.11;
				MTL_ENABLE_DEBUG_INFO = NO;
				SDKROOT = macosx;
			};
			name = Release;
		};
		738E47F01DDAEF240054718C /* Debug */ = {
			isa = XCBuildConfiguration;
			buildSettings = {
				PRODUCT_NAME = "$(TARGET_NAME)";
			};
			name = Debug;
		};
		738E47F11DDAEF240054718C /* Release */ = {
			isa = XCBuildConfiguration;
			buildSettings = {
				PRODUCT_NAME = "$(TARGET_NAME)";
			};
			name = Release;
		};
/* End XCBuildConfiguration section */

/* Begin XCConfigurationList section */
		738E47E31DDAEF240054718C /* Build configuration list for PBXProject "SNPersonDetails" */ = {
			isa = XCConfigurationList;
			buildConfigurations = (
				738E47ED1DDAEF240054718C /* Debug */,
				738E47EE1DDAEF240054718C /* Release */,
			);
			defaultConfigurationIsVisible = 0;
			defaultConfigurationName = Release;
		};
		738E47EF1DDAEF240054718C /* Build configuration list for PBXNativeTarget "SNPersonDetails" */ = {
			isa = XCConfigurationList;
			buildConfigurations = (
				738E47F01DDAEF240054718C /* Debug */,
				738E47F11DDAEF240054718C /* Release */,
			);
			defaultConfigurationIsVisible = 0;
			defaultConfigurationName = Release;
		};
/* End XCConfigurationList section */
	};
	rootObject = 738E47E01DDAEF240054718C /* Project object */;
}
